
Microsoft Visual Studio Solution File, Format Version 12.00
# Visual Studio Version 17
VisualStudioVersion = 17.11.35312.102
MinimumVisualStudioVersion = 10.0.40219.1
Project("{9A19103F-16F7-4668-BE54-9A1E7A4F7556}") = "NFunctionsOnAWSLambda", "NFunctionsOnAWSLambda\NFunctionsOnAWSLambda.csproj", "{2A49F8DE-D6C7-46FE-BEA6-3024086BD806}"
EndProject
Project("{2150E333-8FDC-42A3-9474-1A3956D46DE8}") = "AWS", "AWS", "{29805801-DA95-4B1E-9CE2-04BC4A43B8FD}"
EndProject
Project("{2150E333-8FDC-42A3-9474-1A3956D46DE8}") = "Azure", "Azure", "{EF27D0F5-DCB0-4CA3-94FA-EFE928BFD831}"
EndProject
Project("{9A19103F-16F7-4668-BE54-9A1E7A4F7556}") = "NFunctionsOnAzureFunctions", "NFunctionsOnAzureFunctions\NFunctionsOnAzureFunctions.csproj", "{B1D25A53-6A20-4841-A19B-FFF064880600}"
EndProject
Global
	GlobalSection(SolutionConfigurationPlatforms) = preSolution
		Debug|Any CPU = Debug|Any CPU
		Release|Any CPU = Release|Any CPU
	EndGlobalSection
	GlobalSection(ProjectConfigurationPlatforms) = postSolution
		{2A49F8DE-D6C7-46FE-BEA6-3024086BD806}.Debug|Any CPU.ActiveCfg = Debug|Any CPU
		{2A49F8DE-D6C7-46FE-BEA6-3024086BD806}.Debug|Any CPU.Build.0 = Debug|Any CPU
		{2A49F8DE-D6C7-46FE-BEA6-3024086BD806}.Release|Any CPU.ActiveCfg = Release|Any CPU
		{2A49F8DE-D6C7-46FE-BEA6-3024086BD806}.Release|Any CPU.Build.0 = Release|Any CPU
		{B1D25A53-6A20-4841-A19B-FFF064880600}.Debug|Any CPU.ActiveCfg = Debug|Any CPU
		{B1D25A53-6A20-4841-A19B-FFF064880600}.Debug|Any CPU.Build.0 = Debug|Any CPU
		{B1D25A53-6A20-4841-A19B-FFF064880600}.Release|Any CPU.ActiveCfg = Release|Any CPU
		{B1D25A53-6A20-4841-A19B-FFF064880600}.Release|Any CPU.Build.0 = Release|Any CPU
	EndGlobalSection
	GlobalSection(SolutionProperties) = preSolution
		HideSolutionNode = FALSE
	EndGlobalSection
	GlobalSection(NestedProjects) = preSolution
		{2A49F8DE-D6C7-46FE-BEA6-3024086BD806} = {29805801-DA95-4B1E-9CE2-04BC4A43B8FD}
		{B1D25A53-6A20-4841-A19B-FFF064880600} = {EF27D0F5-DCB0-4CA3-94FA-EFE928BFD831}
	EndGlobalSection
	GlobalSection(ExtensibilityGlobals) = postSolution
		SolutionGuid = {28ACC6FC-D99A-4711-8C3B-4ABE33732001}
	EndGlobalSection
EndGlobal
